
Microsoft Visual Studio Solution File, Format Version 12.00
# Visual Studio Version 17
VisualStudioVersion = 17.10.35004.147
MinimumVisualStudioVersion = 10.0.40219.1
Project("{FAE04EC0-301F-11D3-BF4B-00C04F79EFBC}") = "CSharp_ParentAndChildForms", "CSharp_ParentAndChildForms.csproj", "{2AB71DA7-9894-447C-A854-605166EAA12E}"
EndProject
Global
	GlobalSection(SolutionConfigurationPlatforms) = preSolution
		Debug|Any CPU = Debug|Any CPU
		Release|Any CPU = Release|Any CPU
	EndGlobalSection
	GlobalSection(ProjectConfigurationPlatforms) = postSolution
		{2AB71DA7-9894-447C-A854-605166EAA12E}.Debug|Any CPU.ActiveCfg = Debug|Any CPU
		{2AB71DA7-9894-447C-A854-605166EAA12E}.Debug|Any CPU.Build.0 = Debug|Any CPU
		{2AB71DA7-9894-447C-A854-605166EAA12E}.Release|Any CPU.ActiveCfg = Release|Any CPU
		{2AB71DA7-9894-447C-A854-605166EAA12E}.Release|Any CPU.Build.0 = Release|Any CPU
	EndGlobalSection
	GlobalSection(SolutionProperties) = preSolution
		HideSolutionNode = FALSE
	EndGlobalSection
	GlobalSection(ExtensibilityGlobals) = postSolution
		SolutionGuid = {D7BA5B4A-DDE7-47F1-92E2-DE97E2FE19E2}
	EndGlobalSection
EndGlobal
